
Microsoft Visual Studio Solution File, Format Version 12.00
# Visual Studio Version 16
VisualStudioVersion = 16.0.34301.259
MinimumVisualStudioVersion = 10.0.40219.1
Project("{FAE04EC0-301F-11D3-BF4B-00C04F79EFBC}") = "Lab3", "Lab3\Lab3.csproj", "{95BBF212-7E59-4BEA-AB14-BF9E5AB6A4C2}"
EndProject
Global
	GlobalSection(SolutionConfigurationPlatforms) = preSolution
		Debug|Any CPU = Debug|Any CPU
		Release|Any CPU = Release|Any CPU
	EndGlobalSection
	GlobalSection(ProjectConfigurationPlatforms) = postSolution
		{95BBF212-7E59-4BEA-AB14-BF9E5AB6A4C2}.Debug|Any CPU.ActiveCfg = Debug|Any CPU
		{95BBF212-7E59-4BEA-AB14-BF9E5AB6A4C2}.Debug|Any CPU.Build.0 = Debug|Any CPU
		{95BBF212-7E59-4BEA-AB14-BF9E5AB6A4C2}.Release|Any CPU.ActiveCfg = Release|Any CPU
		{95BBF212-7E59-4BEA-AB14-BF9E5AB6A4C2}.Release|Any CPU.Build.0 = Release|Any CPU
	EndGlobalSection
	GlobalSection(SolutionProperties) = preSolution
		HideSolutionNode = FALSE
	EndGlobalSection
	GlobalSection(ExtensibilityGlobals) = postSolution
		SolutionGuid = {514A0C91-AA11-434B-84B6-61DA24B9FC15}
	EndGlobalSection
EndGlobal
